
Microsoft Visual Studio Solution File, Format Version 12.00
# Visual Studio Version 16
VisualStudioVersion = 16.0.31205.134
MinimumVisualStudioVersion = 10.0.40219.1
Project("{FAE04EC0-301F-11D3-BF4B-00C04F79EFBC}") = "BudgetTracking", "BudgetTracking\BudgetTracking.csproj", "{54EFCE76-1C5A-4433-AE58-188AD31FA0F9}"
EndProject
Project("{FAE04EC0-301F-11D3-BF4B-00C04F79EFBC}") = "BudgetTracking.Business", "BudgetTracking.Business\BudgetTracking.Business.csproj", "{B35948D8-4B99-46BC-89C4-1A689B5792FE}"
EndProject
Project("{FAE04EC0-301F-11D3-BF4B-00C04F79EFBC}") = "BudgetTracking.DataAccess", "BudgetTracking.DataAccess\BudgetTracking.DataAccess.csproj", "{F43F63B8-BBD1-4494-8F67-F54FA0015263}"
EndProject
Project("{FAE04EC0-301F-11D3-BF4B-00C04F79EFBC}") = "BudgetTracking.Entities", "BudgetTracking.Entities\BudgetTracking.Entities.csproj", "{4D0D6B0D-42A4-46A4-8D2B-C2285C13070A}"
EndProject
Project("{FAE04EC0-301F-11D3-BF4B-00C04F79EFBC}") = "BudgetTracking.Core", "BudgetTracking.Core\BudgetTracking.Core.csproj", "{ED51B80C-22BE-43B8-BDAB-2D2E8BA8FA16}"
EndProject
Global
	GlobalSection(SolutionConfigurationPlatforms) = preSolution
		Debug|Any CPU = Debug|Any CPU
		Release|Any CPU = Release|Any CPU
	EndGlobalSection
	GlobalSection(ProjectConfigurationPlatforms) = postSolution
		{54EFCE76-1C5A-4433-AE58-188AD31FA0F9}.Debug|Any CPU.ActiveCfg = Debug|Any CPU
		{54EFCE76-1C5A-4433-AE58-188AD31FA0F9}.Debug|Any CPU.Build.0 = Debug|Any CPU
		{54EFCE76-1C5A-4433-AE58-188AD31FA0F9}.Release|Any CPU.ActiveCfg = Release|Any CPU
		{54EFCE76-1C5A-4433-AE58-188AD31FA0F9}.Release|Any CPU.Build.0 = Release|Any CPU
		{B35948D8-4B99-46BC-89C4-1A689B5792FE}.Debug|Any CPU.ActiveCfg = Debug|Any CPU
		{B35948D8-4B99-46BC-89C4-1A689B5792FE}.Debug|Any CPU.Build.0 = Debug|Any CPU
		{B35948D8-4B99-46BC-89C4-1A689B5792FE}.Release|Any CPU.ActiveCfg = Release|Any CPU
		{B35948D8-4B99-46BC-89C4-1A689B5792FE}.Release|Any CPU.Build.0 = Release|Any CPU
		{F43F63B8-BBD1-4494-8F67-F54FA0015263}.Debug|Any CPU.ActiveCfg = Debug|Any CPU
		{F43F63B8-BBD1-4494-8F67-F54FA0015263}.Debug|Any CPU.Build.0 = Debug|Any CPU
		{F43F63B8-BBD1-4494-8F67-F54FA0015263}.Release|Any CPU.ActiveCfg = Release|Any CPU
		{F43F63B8-BBD1-4494-8F67-F54FA0015263}.Release|Any CPU.Build.0 = Release|Any CPU
		{4D0D6B0D-42A4-46A4-8D2B-C2285C13070A}.Debug|Any CPU.ActiveCfg = Debug|Any CPU
		{4D0D6B0D-42A4-46A4-8D2B-C2285C13070A}.Debug|Any CPU.Build.0 = Debug|Any CPU
		{4D0D6B0D-42A4-46A4-8D2B-C2285C13070A}.Release|Any CPU.ActiveCfg = Release|Any CPU
		{4D0D6B0D-42A4-46A4-8D2B-C2285C13070A}.Release|Any CPU.Build.0 = Release|Any CPU
		{ED51B80C-22BE-43B8-BDAB-2D2E8BA8FA16}.Debug|Any CPU.ActiveCfg = Debug|Any CPU
		{ED51B80C-22BE-43B8-BDAB-2D2E8BA8FA16}.Debug|Any CPU.Build.0 = Debug|Any CPU
		{ED51B80C-22BE-43B8-BDAB-2D2E8BA8FA16}.Release|Any CPU.ActiveCfg = Release|Any CPU
		{ED51B80C-22BE-43B8-BDAB-2D2E8BA8FA16}.Release|Any CPU.Build.0 = Release|Any CPU
	EndGlobalSection
	GlobalSection(SolutionProperties) = preSolution
		HideSolutionNode = FALSE
	EndGlobalSection
	GlobalSection(ExtensibilityGlobals) = postSolution
		SolutionGuid = {18316226-52D6-4C4F-BC36-F2C7D417C8D1}
	EndGlobalSection
EndGlobal
